
Microsoft Visual Studio Solution File, Format Version 12.00
# Visual Studio Version 17
VisualStudioVersion = 17.10.34928.147
MinimumVisualStudioVersion = 10.0.40219.1
Project("{9A19103F-16F7-4668-BE54-9A1E7A4F7556}") = "PackageManager.WebApi", "PackageManager.WebApi\PackageManager.WebApi.csproj", "{14F5191F-3971-4179-9A8A-7825BDF3FDDB}"
EndProject
Project("{9A19103F-16F7-4668-BE54-9A1E7A4F7556}") = "PackageManager.Application", "PackageManager.Application\PackageManager.Application.csproj", "{E3C4C5C9-501F-4BE1-A198-2551C8BA5427}"
EndProject
Project("{9A19103F-16F7-4668-BE54-9A1E7A4F7556}") = "PackageManager.UnitTests", "PackageManager.UnitTests\PackageManager.UnitTests.csproj", "{142E47BB-9567-455A-8FDD-1CF72C50E154}"
EndProject
Project("{2150E333-8FDC-42A3-9474-1A3956D46DE8}") = "src", "src", "{C21DABE6-00A7-44B6-BABE-FEBBE9E58E70}"
EndProject
Project("{2150E333-8FDC-42A3-9474-1A3956D46DE8}") = "tests", "tests", "{4DE9C038-02B9-40E2-B435-F781B5050044}"
EndProject
Project("{2150E333-8FDC-42A3-9474-1A3956D46DE8}") = "benchmarks", "benchmarks", "{F1BABCB7-7127-476E-8A0F-D2E404866932}"
EndProject
Project("{FAE04EC0-301F-11D3-BF4B-00C04F79EFBC}") = "Application.Benchmarks", "Application.Benchmarks\Application.Benchmarks.csproj", "{E9B9967F-C862-44A3-8E0A-EAD2ABAAB7E2}"
EndProject
Global
	GlobalSection(SolutionConfigurationPlatforms) = preSolution
		Debug|Any CPU = Debug|Any CPU
		Release|Any CPU = Release|Any CPU
	EndGlobalSection
	GlobalSection(ProjectConfigurationPlatforms) = postSolution
		{14F5191F-3971-4179-9A8A-7825BDF3FDDB}.Debug|Any CPU.ActiveCfg = Debug|Any CPU
		{14F5191F-3971-4179-9A8A-7825BDF3FDDB}.Debug|Any CPU.Build.0 = Debug|Any CPU
		{14F5191F-3971-4179-9A8A-7825BDF3FDDB}.Release|Any CPU.ActiveCfg = Release|Any CPU
		{14F5191F-3971-4179-9A8A-7825BDF3FDDB}.Release|Any CPU.Build.0 = Release|Any CPU
		{E3C4C5C9-501F-4BE1-A198-2551C8BA5427}.Debug|Any CPU.ActiveCfg = Debug|Any CPU
		{E3C4C5C9-501F-4BE1-A198-2551C8BA5427}.Debug|Any CPU.Build.0 = Debug|Any CPU
		{E3C4C5C9-501F-4BE1-A198-2551C8BA5427}.Release|Any CPU.ActiveCfg = Release|Any CPU
		{E3C4C5C9-501F-4BE1-A198-2551C8BA5427}.Release|Any CPU.Build.0 = Release|Any CPU
		{142E47BB-9567-455A-8FDD-1CF72C50E154}.Debug|Any CPU.ActiveCfg = Debug|Any CPU
		{142E47BB-9567-455A-8FDD-1CF72C50E154}.Debug|Any CPU.Build.0 = Debug|Any CPU
		{142E47BB-9567-455A-8FDD-1CF72C50E154}.Release|Any CPU.ActiveCfg = Release|Any CPU
		{142E47BB-9567-455A-8FDD-1CF72C50E154}.Release|Any CPU.Build.0 = Release|Any CPU
		{E9B9967F-C862-44A3-8E0A-EAD2ABAAB7E2}.Debug|Any CPU.ActiveCfg = Debug|Any CPU
		{E9B9967F-C862-44A3-8E0A-EAD2ABAAB7E2}.Debug|Any CPU.Build.0 = Debug|Any CPU
		{E9B9967F-C862-44A3-8E0A-EAD2ABAAB7E2}.Release|Any CPU.ActiveCfg = Release|Any CPU
		{E9B9967F-C862-44A3-8E0A-EAD2ABAAB7E2}.Release|Any CPU.Build.0 = Release|Any CPU
	EndGlobalSection
	GlobalSection(SolutionProperties) = preSolution
		HideSolutionNode = FALSE
	EndGlobalSection
	GlobalSection(NestedProjects) = preSolution
		{14F5191F-3971-4179-9A8A-7825BDF3FDDB} = {C21DABE6-00A7-44B6-BABE-FEBBE9E58E70}
		{E3C4C5C9-501F-4BE1-A198-2551C8BA5427} = {C21DABE6-00A7-44B6-BABE-FEBBE9E58E70}
		{142E47BB-9567-455A-8FDD-1CF72C50E154} = {4DE9C038-02B9-40E2-B435-F781B5050044}
		{E9B9967F-C862-44A3-8E0A-EAD2ABAAB7E2} = {F1BABCB7-7127-476E-8A0F-D2E404866932}
	EndGlobalSection
	GlobalSection(ExtensibilityGlobals) = postSolution
		SolutionGuid = {4966F95A-BC1B-452D-B13D-BBD39AAB95DA}
	EndGlobalSection
EndGlobal
